
Microsoft Visual Studio Solution File, Format Version 12.00
# Visual Studio 15
VisualStudioVersion = 15.0.26430.6
MinimumVisualStudioVersion = 10.0.40219.1
Project("{FAE04EC0-301F-11D3-BF4B-00C04F79EFBC}") = "sharplink_ui", "sharplink\sharplink_ui.csproj", "{67135299-0336-4097-8790-D033B8D8C758}"
EndProject
Project("{FAE04EC0-301F-11D3-BF4B-00C04F79EFBC}") = "sharplink.UITests", "sharplink.UITests\sharplink.UITests.csproj", "{6FC8E63C-2F33-497E-A385-96FCFCDC8985}"
EndProject
Project("{FAE04EC0-301F-11D3-BF4B-00C04F79EFBC}") = "SharpTox-android", "SharpTox-android\SharpTox-android.csproj", "{435275F9-05F2-4DE0-A240-0EAF37E3D116}"
EndProject
Project("{FAE04EC0-301F-11D3-BF4B-00C04F79EFBC}") = "Skynet-android", "Skynet-android\Skynet-android.csproj", "{CC7EE1A9-E198-4E29-BDE4-9D4CFE7C4C53}"
EndProject
Project("{FAE04EC0-301F-11D3-BF4B-00C04F79EFBC}") = "SharpLink-android", "SharpLink-android\SharpLink-android.csproj", "{3EED2967-A675-4B02-932B-8007D080B86F}"
EndProject
Global
	GlobalSection(SolutionConfigurationPlatforms) = preSolution
		Debug POSIX|Any CPU = Debug POSIX|Any CPU
		Debug POSIX|ARM = Debug POSIX|ARM
		Debug POSIX|x64 = Debug POSIX|x64
		Debug POSIX|x86 = Debug POSIX|x86
		Debug|Any CPU = Debug|Any CPU
		Debug|ARM = Debug|ARM
		Debug|x64 = Debug|x64
		Debug|x86 = Debug|x86
		Release POSIX|Any CPU = Release POSIX|Any CPU
		Release POSIX|ARM = Release POSIX|ARM
		Release POSIX|x64 = Release POSIX|x64
		Release POSIX|x86 = Release POSIX|x86
		Release|Any CPU = Release|Any CPU
		Release|ARM = Release|ARM
		Release|x64 = Release|x64
		Release|x86 = Release|x86
	EndGlobalSection
	GlobalSection(ProjectConfigurationPlatforms) = postSolution
		{67135299-0336-4097-8790-D033B8D8C758}.Debug POSIX|Any CPU.ActiveCfg = Debug|Any CPU
		{67135299-0336-4097-8790-D033B8D8C758}.Debug POSIX|Any CPU.Build.0 = Debug|Any CPU
		{67135299-0336-4097-8790-D033B8D8C758}.Debug POSIX|ARM.ActiveCfg = Debug|Any CPU
		{67135299-0336-4097-8790-D033B8D8C758}.Debug POSIX|x64.ActiveCfg = Debug|Any CPU
		{67135299-0336-4097-8790-D033B8D8C758}.Debug POSIX|x64.Build.0 = Debug|Any CPU
		{67135299-0336-4097-8790-D033B8D8C758}.Debug POSIX|x86.ActiveCfg = Debug|Any CPU
		{67135299-0336-4097-8790-D033B8D8C758}.Debug POSIX|x86.Build.0 = Debug|Any CPU
		{67135299-0336-4097-8790-D033B8D8C758}.Debug|Any CPU.ActiveCfg = Debug|Any CPU
		{67135299-0336-4097-8790-D033B8D8C758}.Debug|Any CPU.Build.0 = Debug|Any CPU
		{67135299-0336-4097-8790-D033B8D8C758}.Debug|Any CPU.Deploy.0 = Debug|Any CPU
		{67135299-0336-4097-8790-D033B8D8C758}.Debug|ARM.ActiveCfg = Debug|Any CPU
		{67135299-0336-4097-8790-D033B8D8C758}.Debug|ARM.Build.0 = Debug|Any CPU
		{67135299-0336-4097-8790-D033B8D8C758}.Debug|x64.ActiveCfg = Debug|Any CPU
		{67135299-0336-4097-8790-D033B8D8C758}.Debug|x64.Build.0 = Debug|Any CPU
		{67135299-0336-4097-8790-D033B8D8C758}.Debug|x86.ActiveCfg = Debug|Any CPU
		{67135299-0336-4097-8790-D033B8D8C758}.Debug|x86.Build.0 = Debug|Any CPU
		{67135299-0336-4097-8790-D033B8D8C758}.Release POSIX|Any CPU.ActiveCfg = Debug|Any CPU
		{67135299-0336-4097-8790-D033B8D8C758}.Release POSIX|Any CPU.Build.0 = Debug|Any CPU
		{67135299-0336-4097-8790-D033B8D8C758}.Release POSIX|ARM.ActiveCfg = Release|Any CPU
		{67135299-0336-4097-8790-D033B8D8C758}.Release POSIX|x64.ActiveCfg = Debug|Any CPU
		{67135299-0336-4097-8790-D033B8D8C758}.Release POSIX|x64.Build.0 = Debug|Any CPU
		{67135299-0336-4097-8790-D033B8D8C758}.Release POSIX|x86.ActiveCfg = Debug|Any CPU
		{67135299-0336-4097-8790-D033B8D8C758}.Release POSIX|x86.Build.0 = Debug|Any CPU
		{67135299-0336-4097-8790-D033B8D8C758}.Release|Any CPU.ActiveCfg = Release|Any CPU
		{67135299-0336-4097-8790-D033B8D8C758}.Release|Any CPU.Build.0 = Release|Any CPU
		{67135299-0336-4097-8790-D033B8D8C758}.Release|Any CPU.Deploy.0 = Release|Any CPU
		{67135299-0336-4097-8790-D033B8D8C758}.Release|ARM.ActiveCfg = Release|Any CPU
		{67135299-0336-4097-8790-D033B8D8C758}.Release|ARM.Build.0 = Release|Any CPU
		{67135299-0336-4097-8790-D033B8D8C758}.Release|x64.ActiveCfg = Release|Any CPU
		{67135299-0336-4097-8790-D033B8D8C758}.Release|x64.Build.0 = Release|Any CPU
		{67135299-0336-4097-8790-D033B8D8C758}.Release|x86.ActiveCfg = Release|Any CPU
		{67135299-0336-4097-8790-D033B8D8C758}.Release|x86.Build.0 = Release|Any CPU
		{6FC8E63C-2F33-497E-A385-96FCFCDC8985}.Debug POSIX|Any CPU.ActiveCfg = Debug|Any CPU
		{6FC8E63C-2F33-497E-A385-96FCFCDC8985}.Debug POSIX|Any CPU.Build.0 = Debug|Any CPU
		{6FC8E63C-2F33-497E-A385-96FCFCDC8985}.Debug POSIX|ARM.ActiveCfg = Debug|Any CPU
		{6FC8E63C-2F33-497E-A385-96FCFCDC8985}.Debug POSIX|x64.ActiveCfg = Debug|Any CPU
		{6FC8E63C-2F33-497E-A385-96FCFCDC8985}.Debug POSIX|x64.Build.0 = Debug|Any CPU
		{6FC8E63C-2F33-497E-A385-96FCFCDC8985}.Debug POSIX|x86.ActiveCfg = Debug|Any CPU
		{6FC8E63C-2F33-497E-A385-96FCFCDC8985}.Debug POSIX|x86.Build.0 = Debug|Any CPU
		{6FC8E63C-2F33-497E-A385-96FCFCDC8985}.Debug|Any CPU.ActiveCfg = Debug|Any CPU
		{6FC8E63C-2F33-497E-A385-96FCFCDC8985}.Debug|Any CPU.Build.0 = Debug|Any CPU
		{6FC8E63C-2F33-497E-A385-96FCFCDC8985}.Debug|ARM.ActiveCfg = Debug|Any CPU
		{6FC8E63C-2F33-497E-A385-96FCFCDC8985}.Debug|ARM.Build.0 = Debug|Any CPU
		{6FC8E63C-2F33-497E-A385-96FCFCDC8985}.Debug|x64.ActiveCfg = Debug|Any CPU
		{6FC8E63C-2F33-497E-A385-96FCFCDC8985}.Debug|x64.Build.0 = Debug|Any CPU
		{6FC8E63C-2F33-497E-A385-96FCFCDC8985}.Debug|x86.ActiveCfg = Debug|Any CPU
		{6FC8E63C-2F33-497E-A385-96FCFCDC8985}.Debug|x86.Build.0 = Debug|Any CPU
		{6FC8E63C-2F33-497E-A385-96FCFCDC8985}.Release POSIX|Any CPU.ActiveCfg = Debug|Any CPU
		{6FC8E63C-2F33-497E-A385-96FCFCDC8985}.Release POSIX|Any CPU.Build.0 = Debug|Any CPU
		{6FC8E63C-2F33-497E-A385-96FCFCDC8985}.Release POSIX|ARM.ActiveCfg = Release|Any CPU
		{6FC8E63C-2F33-497E-A385-96FCFCDC8985}.Release POSIX|x64.ActiveCfg = Debug|Any CPU
		{6FC8E63C-2F33-497E-A385-96FCFCDC8985}.Release POSIX|x64.Build.0 = Debug|Any CPU
		{6FC8E63C-2F33-497E-A385-96FCFCDC8985}.Release POSIX|x86.ActiveCfg = Debug|Any CPU
		{6FC8E63C-2F33-497E-A385-96FCFCDC8985}.Release POSIX|x86.Build.0 = Debug|Any CPU
		{6FC8E63C-2F33-497E-A385-96FCFCDC8985}.Release|Any CPU.ActiveCfg = Release|Any CPU
		{6FC8E63C-2F33-497E-A385-96FCFCDC8985}.Release|Any CPU.Build.0 = Release|Any CPU
		{6FC8E63C-2F33-497E-A385-96FCFCDC8985}.Release|ARM.ActiveCfg = Release|Any CPU
		{6FC8E63C-2F33-497E-A385-96FCFCDC8985}.Release|ARM.Build.0 = Release|Any CPU
		{6FC8E63C-2F33-497E-A385-96FCFCDC8985}.Release|x64.ActiveCfg = Release|Any CPU
		{6FC8E63C-2F33-497E-A385-96FCFCDC8985}.Release|x64.Build.0 = Release|Any CPU
		{6FC8E63C-2F33-497E-A385-96FCFCDC8985}.Release|x86.ActiveCfg = Release|Any CPU
		{6FC8E63C-2F33-497E-A385-96FCFCDC8985}.Release|x86.Build.0 = Release|Any CPU
		{435275F9-05F2-4DE0-A240-0EAF37E3D116}.Debug POSIX|Any CPU.ActiveCfg = Debug|Any CPU
		{435275F9-05F2-4DE0-A240-0EAF37E3D116}.Debug POSIX|Any CPU.Build.0 = Debug|Any CPU
		{435275F9-05F2-4DE0-A240-0EAF37E3D116}.Debug POSIX|ARM.ActiveCfg = Debug|Any CPU
		{435275F9-05F2-4DE0-A240-0EAF37E3D116}.Debug POSIX|ARM.Build.0 = Debug|Any CPU
		{435275F9-05F2-4DE0-A240-0EAF37E3D116}.Debug POSIX|x64.ActiveCfg = Debug|Any CPU
		{435275F9-05F2-4DE0-A240-0EAF37E3D116}.Debug POSIX|x64.Build.0 = Debug|Any CPU
		{435275F9-05F2-4DE0-A240-0EAF37E3D116}.Debug POSIX|x86.ActiveCfg = Debug|Any CPU
		{435275F9-05F2-4DE0-A240-0EAF37E3D116}.Debug POSIX|x86.Build.0 = Debug|Any CPU
		{435275F9-05F2-4DE0-A240-0EAF37E3D116}.Debug|Any CPU.ActiveCfg = Debug|Any CPU
		{435275F9-05F2-4DE0-A240-0EAF37E3D116}.Debug|Any CPU.Build.0 = Debug|Any CPU
		{435275F9-05F2-4DE0-A240-0EAF37E3D116}.Debug|ARM.ActiveCfg = Debug|Any CPU
		{435275F9-05F2-4DE0-A240-0EAF37E3D116}.Debug|ARM.Build.0 = Debug|Any CPU
		{435275F9-05F2-4DE0-A240-0EAF37E3D116}.Debug|x64.ActiveCfg = Debug|Any CPU
		{435275F9-05F2-4DE0-A240-0EAF37E3D116}.Debug|x64.Build.0 = Debug|Any CPU
		{435275F9-05F2-4DE0-A240-0EAF37E3D116}.Debug|x86.ActiveCfg = Debug|Any CPU
		{435275F9-05F2-4DE0-A240-0EAF37E3D116}.Debug|x86.Build.0 = Debug|Any CPU
		{435275F9-05F2-4DE0-A240-0EAF37E3D116}.Release POSIX|Any CPU.ActiveCfg = Release|Any CPU
		{435275F9-05F2-4DE0-A240-0EAF37E3D116}.Release POSIX|Any CPU.Build.0 = Release|Any CPU
		{435275F9-05F2-4DE0-A240-0EAF37E3D116}.Release POSIX|ARM.ActiveCfg = Release|Any CPU
		{435275F9-05F2-4DE0-A240-0EAF37E3D116}.Release POSIX|ARM.Build.0 = Release|Any CPU
		{435275F9-05F2-4DE0-A240-0EAF37E3D116}.Release POSIX|x64.ActiveCfg = Release|Any CPU
		{435275F9-05F2-4DE0-A240-0EAF37E3D116}.Release POSIX|x64.Build.0 = Release|Any CPU
		{435275F9-05F2-4DE0-A240-0EAF37E3D116}.Release POSIX|x86.ActiveCfg = Release|Any CPU
		{435275F9-05F2-4DE0-A240-0EAF37E3D116}.Release POSIX|x86.Build.0 = Release|Any CPU
		{435275F9-05F2-4DE0-A240-0EAF37E3D116}.Release|Any CPU.ActiveCfg = Release|Any CPU
		{435275F9-05F2-4DE0-A240-0EAF37E3D116}.Release|Any CPU.Build.0 = Release|Any CPU
		{435275F9-05F2-4DE0-A240-0EAF37E3D116}.Release|ARM.ActiveCfg = Release|Any CPU
		{435275F9-05F2-4DE0-A240-0EAF37E3D116}.Release|ARM.Build.0 = Release|Any CPU
		{435275F9-05F2-4DE0-A240-0EAF37E3D116}.Release|x64.ActiveCfg = Release|Any CPU
		{435275F9-05F2-4DE0-A240-0EAF37E3D116}.Release|x64.Build.0 = Release|Any CPU
		{435275F9-05F2-4DE0-A240-0EAF37E3D116}.Release|x86.ActiveCfg = Release|Any CPU
		{435275F9-05F2-4DE0-A240-0EAF37E3D116}.Release|x86.Build.0 = Release|Any CPU
		{CC7EE1A9-E198-4E29-BDE4-9D4CFE7C4C53}.Debug POSIX|Any CPU.ActiveCfg = Debug|Any CPU
		{CC7EE1A9-E198-4E29-BDE4-9D4CFE7C4C53}.Debug POSIX|Any CPU.Build.0 = Debug|Any CPU
		{CC7EE1A9-E198-4E29-BDE4-9D4CFE7C4C53}.Debug POSIX|ARM.ActiveCfg = Debug|Any CPU
		{CC7EE1A9-E198-4E29-BDE4-9D4CFE7C4C53}.Debug POSIX|ARM.Build.0 = Debug|Any CPU
		{CC7EE1A9-E198-4E29-BDE4-9D4CFE7C4C53}.Debug POSIX|x64.ActiveCfg = Debug|Any CPU
		{CC7EE1A9-E198-4E29-BDE4-9D4CFE7C4C53}.Debug POSIX|x64.Build.0 = Debug|Any CPU
		{CC7EE1A9-E198-4E29-BDE4-9D4CFE7C4C53}.Debug POSIX|x86.ActiveCfg = Debug|Any CPU
		{CC7EE1A9-E198-4E29-BDE4-9D4CFE7C4C53}.Debug POSIX|x86.Build.0 = Debug|Any CPU
		{CC7EE1A9-E198-4E29-BDE4-9D4CFE7C4C53}.Debug|Any CPU.ActiveCfg = Debug|Any CPU
		{CC7EE1A9-E198-4E29-BDE4-9D4CFE7C4C53}.Debug|Any CPU.Build.0 = Debug|Any CPU
		{CC7EE1A9-E198-4E29-BDE4-9D4CFE7C4C53}.Debug|ARM.ActiveCfg = Debug|Any CPU
		{CC7EE1A9-E198-4E29-BDE4-9D4CFE7C4C53}.Debug|ARM.Build.0 = Debug|Any CPU
		{CC7EE1A9-E198-4E29-BDE4-9D4CFE7C4C53}.Debug|x64.ActiveCfg = Debug|Any CPU
		{CC7EE1A9-E198-4E29-BDE4-9D4CFE7C4C53}.Debug|x64.Build.0 = Debug|Any CPU
		{CC7EE1A9-E198-4E29-BDE4-9D4CFE7C4C53}.Debug|x86.ActiveCfg = Debug|Any CPU
		{CC7EE1A9-E198-4E29-BDE4-9D4CFE7C4C53}.Debug|x86.Build.0 = Debug|Any CPU
		{CC7EE1A9-E198-4E29-BDE4-9D4CFE7C4C53}.Release POSIX|Any CPU.ActiveCfg = Release|Any CPU
		{CC7EE1A9-E198-4E29-BDE4-9D4CFE7C4C53}.Release POSIX|Any CPU.Build.0 = Release|Any CPU
		{CC7EE1A9-E198-4E29-BDE4-9D4CFE7C4C53}.Release POSIX|ARM.ActiveCfg = Release|Any CPU
		{CC7EE1A9-E198-4E29-BDE4-9D4CFE7C4C53}.Release POSIX|ARM.Build.0 = Release|Any CPU
		{CC7EE1A9-E198-4E29-BDE4-9D4CFE7C4C53}.Release POSIX|x64.ActiveCfg = Release|Any CPU
		{CC7EE1A9-E198-4E29-BDE4-9D4CFE7C4C53}.Release POSIX|x64.Build.0 = Release|Any CPU
		{CC7EE1A9-E198-4E29-BDE4-9D4CFE7C4C53}.Release POSIX|x86.ActiveCfg = Release|Any CPU
		{CC7EE1A9-E198-4E29-BDE4-9D4CFE7C4C53}.Release POSIX|x86.Build.0 = Release|Any CPU
		{CC7EE1A9-E198-4E29-BDE4-9D4CFE7C4C53}.Release|Any CPU.ActiveCfg = Release|Any CPU
		{CC7EE1A9-E198-4E29-BDE4-9D4CFE7C4C53}.Release|Any CPU.Build.0 = Release|Any CPU
		{CC7EE1A9-E198-4E29-BDE4-9D4CFE7C4C53}.Release|ARM.ActiveCfg = Release|Any CPU
		{CC7EE1A9-E198-4E29-BDE4-9D4CFE7C4C53}.Release|ARM.Build.0 = Release|Any CPU
		{CC7EE1A9-E198-4E29-BDE4-9D4CFE7C4C53}.Release|x64.ActiveCfg = Release|Any CPU
		{CC7EE1A9-E198-4E29-BDE4-9D4CFE7C4C53}.Release|x64.Build.0 = Release|Any CPU
		{CC7EE1A9-E198-4E29-BDE4-9D4CFE7C4C53}.Release|x86.ActiveCfg = Release|Any CPU
		{CC7EE1A9-E198-4E29-BDE4-9D4CFE7C4C53}.Release|x86.Build.0 = Release|Any CPU
		{3EED2967-A675-4B02-932B-8007D080B86F}.Debug POSIX|Any CPU.ActiveCfg = Debug|Any CPU
		{3EED2967-A675-4B02-932B-8007D080B86F}.Debug POSIX|Any CPU.Build.0 = Debug|Any CPU
		{3EED2967-A675-4B02-932B-8007D080B86F}.Debug POSIX|ARM.ActiveCfg = Debug|Any CPU
		{3EED2967-A675-4B02-932B-8007D080B86F}.Debug POSIX|ARM.Build.0 = Debug|Any CPU
		{3EED2967-A675-4B02-932B-8007D080B86F}.Debug POSIX|x64.ActiveCfg = Debug|Any CPU
		{3EED2967-A675-4B02-932B-8007D080B86F}.Debug POSIX|x64.Build.0 = Debug|Any CPU
		{3EED2967-A675-4B02-932B-8007D080B86F}.Debug POSIX|x86.ActiveCfg = Debug|Any CPU
		{3EED2967-A675-4B02-932B-8007D080B86F}.Debug POSIX|x86.Build.0 = Debug|Any CPU
		{3EED2967-A675-4B02-932B-8007D080B86F}.Debug|Any CPU.ActiveCfg = Debug|Any CPU
		{3EED2967-A675-4B02-932B-8007D080B86F}.Debug|Any CPU.Build.0 = Debug|Any CPU
		{3EED2967-A675-4B02-932B-8007D080B86F}.Debug|ARM.ActiveCfg = Debug|Any CPU
		{3EED2967-A675-4B02-932B-8007D080B86F}.Debug|ARM.Build.0 = Debug|Any CPU
		{3EED2967-A675-4B02-932B-8007D080B86F}.Debug|x64.ActiveCfg = Debug|Any CPU
		{3EED2967-A675-4B02-932B-8007D080B86F}.Debug|x64.Build.0 = Debug|Any CPU
		{3EED2967-A675-4B02-932B-8007D080B86F}.Debug|x86.ActiveCfg = Debug|Any CPU
		{3EED2967-A675-4B02-932B-8007D080B86F}.Debug|x86.Build.0 = Debug|Any CPU
		{3EED2967-A675-4B02-932B-8007D080B86F}.Release POSIX|Any CPU.ActiveCfg = Release|Any CPU
		{3EED2967-A675-4B02-932B-8007D080B86F}.Release POSIX|Any CPU.Build.0 = Release|Any CPU
		{3EED2967-A675-4B02-932B-8007D080B86F}.Release POSIX|ARM.ActiveCfg = Release|Any CPU
		{3EED2967-A675-4B02-932B-8007D080B86F}.Release POSIX|ARM.Build.0 = Release|Any CPU
		{3EED2967-A675-4B02-932B-8007D080B86F}.Release POSIX|x64.ActiveCfg = Release|Any CPU
		{3EED2967-A675-4B02-932B-8007D080B86F}.Release POSIX|x64.Build.0 = Release|Any CPU
		{3EED2967-A675-4B02-932B-8007D080B86F}.Release POSIX|x86.ActiveCfg = Release|Any CPU
		{3EED2967-A675-4B02-932B-8007D080B86F}.Release POSIX|x86.Build.0 = Release|Any CPU
		{3EED2967-A675-4B02-932B-8007D080B86F}.Release|Any CPU.ActiveCfg = Release|Any CPU
		{3EED2967-A675-4B02-932B-8007D080B86F}.Release|Any CPU.Build.0 = Release|Any CPU
		{3EED2967-A675-4B02-932B-8007D080B86F}.Release|ARM.ActiveCfg = Release|Any CPU
		{3EED2967-A675-4B02-932B-8007D080B86F}.Release|ARM.Build.0 = Release|Any CPU
		{3EED2967-A675-4B02-932B-8007D080B86F}.Release|x64.ActiveCfg = Release|Any CPU
		{3EED2967-A675-4B02-932B-8007D080B86F}.Release|x64.Build.0 = Release|Any CPU
		{3EED2967-A675-4B02-932B-8007D080B86F}.Release|x86.ActiveCfg = Release|Any CPU
		{3EED2967-A675-4B02-932B-8007D080B86F}.Release|x86.Build.0 = Release|Any CPU
	EndGlobalSection
	GlobalSection(SolutionProperties) = preSolution
		HideSolutionNode = FALSE
	EndGlobalSection
EndGlobal
